// !$*UTF8*$!
{
	archiveVersion = 1;
	classes = {
	};
	objectVersion = 46;
	objects = {

/* Begin PBXBuildFile section */
		36002C3F1E491C6B00D5CFF4 /* CameraView.swift in Sources */ = {isa = PBXBuildFile; fileRef = 36002C3E1E491C6B00D5CFF4 /* CameraView.swift */; };
		632E762E1E43F7560098CC91 /* AppDelegate.swift in Sources */ = {isa = PBXBuildFile; fileRef = 632E762D1E43F7560098CC91 /* AppDelegate.swift */; };
		632E76301E43F7560098CC91 /* HomeViewController.swift in Sources */ = {isa = PBXBuildFile; fileRef = 632E762F1E43F7560098CC91 /* HomeViewController.swift */; };
		632E76331E43F7560098CC91 /* Main.storyboard in Resources */ = {isa = PBXBuildFile; fileRef = 632E76311E43F7560098CC91 /* Main.storyboard */; };
		632E76351E43F7560098CC91 /* Assets.xcassets in Resources */ = {isa = PBXBuildFile; fileRef = 632E76341E43F7560098CC91 /* Assets.xcassets */; };
		632E76381E43F7560098CC91 /* LaunchScreen.storyboard in Resources */ = {isa = PBXBuildFile; fileRef = 632E76361E43F7560098CC91 /* LaunchScreen.storyboard */; };
		FFF7A0DE13770904A3DEBFFA /* Pods_Project_Loca.framework in Frameworks */ = {isa = PBXBuildFile; fileRef = D9898F8DC1B8737FF67266E3 /* Pods_Project_Loca.framework */; };
/* End PBXBuildFile section */

/* Begin PBXFileReference section */
		1A509FA944547E47953C78CC /* Pods-Project Loca.debug.xcconfig */ = {isa = PBXFileReference; includeInIndex = 1; lastKnownFileType = text.xcconfig; name = "Pods-Project Loca.debug.xcconfig"; path = "Pods/Target Support Files/Pods-Project Loca/Pods-Project Loca.debug.xcconfig"; sourceTree = "<group>"; };
		36002C3E1E491C6B00D5CFF4 /* CameraView.swift */ = {isa = PBXFileReference; fileEncoding = 4; lastKnownFileType = sourcecode.swift; path = CameraView.swift; sourceTree = "<group>"; };
		632E762A1E43F7560098CC91 /* Project Loca.app */ = {isa = PBXFileReference; explicitFileType = wrapper.application; includeInIndex = 0; path = "Project Loca.app"; sourceTree = BUILT_PRODUCTS_DIR; };
		632E762D1E43F7560098CC91 /* AppDelegate.swift */ = {isa = PBXFileReference; lastKnownFileType = sourcecode.swift; path = AppDelegate.swift; sourceTree = "<group>"; };
		632E762F1E43F7560098CC91 /* HomeViewController.swift */ = {isa = PBXFileReference; lastKnownFileType = sourcecode.swift; path = HomeViewController.swift; sourceTree = "<group>"; };
		632E76321E43F7560098CC91 /* Base */ = {isa = PBXFileReference; lastKnownFileType = file.storyboard; name = Base; path = Base.lproj/Main.storyboard; sourceTree = "<group>"; };
		632E76341E43F7560098CC91 /* Assets.xcassets */ = {isa = PBXFileReference; lastKnownFileType = folder.assetcatalog; path = Assets.xcassets; sourceTree = "<group>"; };
		632E76371E43F7560098CC91 /* Base */ = {isa = PBXFileReference; lastKnownFileType = file.storyboard; name = Base; path = Base.lproj/LaunchScreen.storyboard; sourceTree = "<group>"; };
		632E76391E43F7560098CC91 /* Info.plist */ = {isa = PBXFileReference; lastKnownFileType = text.plist.xml; path = Info.plist; sourceTree = "<group>"; };
		9A85DD20066A0DFEFA1744EE /* Pods-Project Loca.release.xcconfig */ = {isa = PBXFileReference; includeInIndex = 1; lastKnownFileType = text.xcconfig; name = "Pods-Project Loca.release.xcconfig"; path = "Pods/Target Support Files/Pods-Project Loca/Pods-Project Loca.release.xcconfig"; sourceTree = "<group>"; };
		D9898F8DC1B8737FF67266E3 /* Pods_Project_Loca.framework */ = {isa = PBXFileReference; explicitFileType = wrapper.framework; includeInIndex = 0; path = Pods_Project_Loca.framework; sourceTree = BUILT_PRODUCTS_DIR; };
/* End PBXFileReference section */

/* Begin PBXFrameworksBuildPhase section */
		632E76271E43F7560098CC91 /* Frameworks */ = {
			isa = PBXFrameworksBuildPhase;
			buildActionMask = 2147483647;
			files = (
				FFF7A0DE13770904A3DEBFFA /* Pods_Project_Loca.framework in Frameworks */,
			);
			runOnlyForDeploymentPostprocessing = 0;
		};
/* End PBXFrameworksBuildPhase section */

/* Begin PBXGroup section */
		4B08F81E16B1DF4D0D23E224 /* Pods */ = {
			isa = PBXGroup;
			children = (
				1A509FA944547E47953C78CC /* Pods-Project Loca.debug.xcconfig */,
				9A85DD20066A0DFEFA1744EE /* Pods-Project Loca.release.xcconfig */,
			);
			name = Pods;
			sourceTree = "<group>";
		};
		632E76211E43F7560098CC91 = {
			isa = PBXGroup;
			children = (
				632E762C1E43F7560098CC91 /* Project Loca */,
				632E762B1E43F7560098CC91 /* Products */,
				4B08F81E16B1DF4D0D23E224 /* Pods */,
				9080C4A6184A2A9A602B6811 /* Frameworks */,
			);
			sourceTree = "<group>";
		};
		632E762B1E43F7560098CC91 /* Products */ = {
			isa = PBXGroup;
			children = (
				632E762A1E43F7560098CC91 /* Project Loca.app */,
			);
			name = Products;
			sourceTree = "<group>";
		};
		632E762C1E43F7560098CC91 /* Project Loca */ = {
			isa = PBXGroup;
			children = (
				632E762D1E43F7560098CC91 /* AppDelegate.swift */,
				632E762F1E43F7560098CC91 /* HomeViewController.swift */,
				36002C3E1E491C6B00D5CFF4 /* CameraView.swift */,
				632E76311E43F7560098CC91 /* Main.storyboard */,
				632E76341E43F7560098CC91 /* Assets.xcassets */,
				632E76361E43F7560098CC91 /* LaunchScreen.storyboard */,
				632E76391E43F7560098CC91 /* Info.plist */,
			);
			path = "Project Loca";
			sourceTree = "<group>";
		};
		9080C4A6184A2A9A602B6811 /* Frameworks */ = {
			isa = PBXGroup;
			children = (
				D9898F8DC1B8737FF67266E3 /* Pods_Project_Loca.framework */,
			);
			name = Frameworks;
			sourceTree = "<group>";
		};
/* End PBXGroup section */

/* Begin PBXNativeTarget section */
		632E76291E43F7560098CC91 /* Project Loca */ = {
			isa = PBXNativeTarget;
			buildConfigurationList = 632E763C1E43F7560098CC91 /* Build configuration list for PBXNativeTarget "Project Loca" */;
			buildPhases = (
				66FA56A2DDC6F6EC4229C797 /* [CP] Check Pods Manifest.lock */,
				632E76261E43F7560098CC91 /* Sources */,
				632E76271E43F7560098CC91 /* Frameworks */,
				632E76281E43F7560098CC91 /* Resources */,
				045244A0FAC5918B7D117514 /* [CP] Embed Pods Frameworks */,
				D6BA7D58E257F4EDA83F8B83 /* [CP] Copy Pods Resources */,
			);
			buildRules = (
			);
			dependencies = (
			);
			name = "Project Loca";
			productName = "Project Loca";
			productReference = 632E762A1E43F7560098CC91 /* Project Loca.app */;
			productType = "com.apple.product-type.application";
		};
/* End PBXNativeTarget section */

/* Begin PBXProject section */
		632E76221E43F7560098CC91 /* Project object */ = {
			isa = PBXProject;
			attributes = {
				LastSwiftUpdateCheck = 0820;
				LastUpgradeCheck = 0820;
				ORGANIZATIONNAME = TeamMilton370;
				TargetAttributes = {
					632E76291E43F7560098CC91 = {
						CreatedOnToolsVersion = 8.2;
						DevelopmentTeam = 8TWVWBQE3T;
						ProvisioningStyle = Automatic;
					};
				};
			};
			buildConfigurationList = 632E76251E43F7560098CC91 /* Build configuration list for PBXProject "Project Loca" */;
			compatibilityVersion = "Xcode 3.2";
			developmentRegion = English;
			hasScannedForEncodings = 0;
			knownRegions = (
				en,
				Base,
			);
			mainGroup = 632E76211E43F7560098CC91;
			productRefGroup = 632E762B1E43F7560098CC91 /* Products */;
			projectDirPath = "";
			projectRoot = "";
			targets = (
				632E76291E43F7560098CC91 /* Project Loca */,
			);
		};
/* End PBXProject section */

/* Begin PBXResourcesBuildPhase section */
		632E76281E43F7560098CC91 /* Resources */ = {
			isa = PBXResourcesBuildPhase;
			buildActionMask = 2147483647;
			files = (
				632E76381E43F7560098CC91 /* LaunchScreen.storyboard in Resources */,
				632E76351E43F7560098CC91 /* Assets.xcassets in Resources */,
				632E76331E43F7560098CC91 /* Main.storyboard in Resources */,
			);
			runOnlyForDeploymentPostprocessing = 0;
		};
/* End PBXResourcesBuildPhase section */

/* Begin PBXShellScriptBuildPhase section */
		045244A0FAC5918B7D117514 /* [CP] Embed Pods Frameworks */ = {
			isa = PBXShellScriptBuildPhase;
			buildActionMask = 2147483647;
			files = (
			);
			inputPaths = (
			);
			name = "[CP] Embed Pods Frameworks";
			outputPaths = (
			);
			runOnlyForDeploymentPostprocessing = 0;
			shellPath = /bin/sh;
			shellScript = "\"${SRCROOT}/Pods/Target Support Files/Pods-Project Loca/Pods-Project Loca-frameworks.sh\"\n";
			showEnvVarsInLog = 0;
		};
		66FA56A2DDC6F6EC4229C797 /* [CP] Check Pods Manifest.lock */ = {
			isa = PBXShellScriptBuildPhase;
			buildActionMask = 2147483647;
			files = (
			);
			inputPaths = (
			);
			name = "[CP] Check Pods Manifest.lock";
			outputPaths = (
			);
			runOnlyForDeploymentPostprocessing = 0;
			shellPath = /bin/sh;
			shellScript = "diff \"${PODS_ROOT}/../Podfile.lock\" \"${PODS_ROOT}/Manifest.lock\" > /dev/null\nif [ $? != 0 ] ; then\n    # print error to STDERR\n    echo \"error: The sandbox is not in sync with the Podfile.lock. Run 'pod install' or update your CocoaPods installation.\" >&2\n    exit 1\nfi\n";
			showEnvVarsInLog = 0;
		};
		D6BA7D58E257F4EDA83F8B83 /* [CP] Copy Pods Resources */ = {
			isa = PBXShellScriptBuildPhase;
			buildActionMask = 2147483647;
			files = (
			);
			inputPaths = (
			);
			name = "[CP] Copy Pods Resources";
			outputPaths = (
			);
			runOnlyForDeploymentPostprocessing = 0;
			shellPath = /bin/sh;
			shellScript = "\"${SRCROOT}/Pods/Target Support Files/Pods-Project Loca/Pods-Project Loca-resources.sh\"\n";
			showEnvVarsInLog = 0;
		};
/* End PBXShellScriptBuildPhase section */

/* Begin PBXSourcesBuildPhase section */
		632E76261E43F7560098CC91 /* Sources */ = {
			isa = PBXSourcesBuildPhase;
			buildActionMask = 2147483647;
			files = (
				36002C3F1E491C6B00D5CFF4 /* CameraView.swift in Sources */,
				632E76301E43F7560098CC91 /* HomeViewController.swift in Sources */,
				632E762E1E43F7560098CC91 /* AppDelegate.swift in Sources */,
			);
			runOnlyForDeploymentPostprocessing = 0;
		};
/* End PBXSourcesBuildPhase section */

/* Begin PBXVariantGroup section */
		632E76311E43F7560098CC91 /* Main.storyboard */ = {
			isa = PBXVariantGroup;
			children = (
				632E76321E43F7560098CC91 /* Base */,
			);
			name = Main.storyboard;
			sourceTree = "<group>";
		};
		632E76361E43F7560098CC91 /* LaunchScreen.storyboard */ = {
			isa = PBXVariantGroup;
			children = (
				632E76371E43F7560098CC91 /* Base */,
			);
			name = LaunchScreen.storyboard;
			sourceTree = "<group>";
		};
/* End PBXVariantGroup section */

/* Begin XCBuildConfiguration section */
		632E763A1E43F7560098CC91 /* Debug */ = {
			isa = XCBuildConfiguration;
			buildSettings = {
				ALWAYS_SEARCH_USER_PATHS = NO;
				CLANG_ANALYZER_NONNULL = YES;
				CLANG_CXX_LANGUAGE_STANDARD = "gnu++0x";
				CLANG_CXX_LIBRARY = "libc++";
				CLANG_ENABLE_MODULES = YES;
				CLANG_ENABLE_OBJC_ARC = YES;
				CLANG_WARN_BOOL_CONVERSION = YES;
				CLANG_WARN_CONSTANT_CONVERSION = YES;
				CLANG_WARN_DIRECT_OBJC_ISA_USAGE = YES_ERROR;
				CLANG_WARN_DOCUMENTATION_COMMENTS = YES;
				CLANG_WARN_EMPTY_BODY = YES;
				CLANG_WARN_ENUM_CONVERSION = YES;
				CLANG_WARN_INFINITE_RECURSION = YES;
				CLANG_WARN_INT_CONVERSION = YES;
				CLANG_WARN_OBJC_ROOT_CLASS = YES_ERROR;
				CLANG_WARN_SUSPICIOUS_MOVE = YES;
				CLANG_WARN_UNREACHABLE_CODE = YES;
				CLANG_WARN__DUPLICATE_METHOD_MATCH = YES;
				"CODE_SIGN_IDENTITY[sdk=iphoneos*]" = "iPhone Developer";
				COPY_PHASE_STRIP = NO;
				DEBUG_INFORMATION_FORMAT = dwarf;
				ENABLE_STRICT_OBJC_MSGSEND = YES;
				ENABLE_TESTABILITY = YES;
				GCC_C_LANGUAGE_STANDARD = gnu99;
				GCC_DYNAMIC_NO_PIC = NO;
				GCC_NO_COMMON_BLOCKS = YES;
				GCC_OPTIMIZATION_LEVEL = 0;
				GCC_PREPROCESSOR_DEFINITIONS = (
					"DEBUG=1",
					"$(inherited)",
				);
				GCC_WARN_64_TO_32_BIT_CONVERSION = YES;
				GCC_WARN_ABOUT_RETURN_TYPE = YES_ERROR;
				GCC_WARN_UNDECLARED_SELECTOR = YES;
				GCC_WARN_UNINITIALIZED_AUTOS = YES_AGGRESSIVE;
				GCC_WARN_UNUSED_FUNCTION = YES;
				GCC_WARN_UNUSED_VARIABLE = YES;
				IPHONEOS_DEPLOYMENT_TARGET = 10.2;
				MTL_ENABLE_DEBUG_INFO = YES;
				ONLY_ACTIVE_ARCH = YES;
				SDKROOT = iphoneos;
				SWIFT_ACTIVE_COMPILATION_CONDITIONS = DEBUG;
				SWIFT_OPTIMIZATION_LEVEL = "-Onone";
				TARGETED_DEVICE_FAMILY = "1,2";
			};
			name = Debug;
		};
		632E763B1E43F7560098CC91 /* Release */ = {
			isa = XCBuildConfiguration;
			buildSettings = {
				ALWAYS_SEARCH_USER_PATHS = NO;
				CLANG_ANALYZER_NONNULL = YES;
				CLANG_CXX_LANGUAGE_STANDARD = "gnu++0x";
				CLANG_CXX_LIBRARY = "libc++";
				CLANG_ENABLE_MODULES = YES;
				CLANG_ENABLE_OBJC_ARC = YES;
				CLANG_WARN_BOOL_CONVERSION = YES;
				CLANG_WARN_CONSTANT_CONVERSION = YES;
				CLANG_WARN_DIRECT_OBJC_ISA_USAGE = YES_ERROR;
				CLANG_WARN_DOCUMENTATION_COMMENTS = YES;
				CLANG_WARN_EMPTY_BODY = YES;
				CLANG_WARN_ENUM_CONVERSION = YES;
				CLANG_WARN_INFINITE_RECURSION = YES;
				CLANG_WARN_INT_CONVERSION = YES;
				CLANG_WARN_OBJC_ROOT_CLASS = YES_ERROR;
				CLANG_WARN_SUSPICIOUS_MOVE = YES;
				CLANG_WARN_UNREACHABLE_CODE = YES;
				CLANG_WARN__DUPLICATE_METHOD_MATCH = YES;
				"CODE_SIGN_IDENTITY[sdk=iphoneos*]" = "iPhone Developer";
				COPY_PHASE_STRIP = NO;
				DEBUG_INFORMATION_FORMAT = "dwarf-with-dsym";
				ENABLE_NS_ASSERTIONS = NO;
				ENABLE_STRICT_OBJC_MSGSEND = YES;
				GCC_C_LANGUAGE_STANDARD = gnu99;
				GCC_NO_COMMON_BLOCKS = YES;
				GCC_WARN_64_TO_32_BIT_CONVERSION = YES;
				GCC_WARN_ABOUT_RETURN_TYPE = YES_ERROR;
				GCC_WARN_UNDECLARED_SELECTOR = YES;
				GCC_WARN_UNINITIALIZED_AUTOS = YES_AGGRESSIVE;
				GCC_WARN_UNUSED_FUNCTION = YES;
				GCC_WARN_UNUSED_VARIABLE = YES;
				IPHONEOS_DEPLOYMENT_TARGET = 10.2;
				MTL_ENABLE_DEBUG_INFO = NO;
				SDKROOT = iphoneos;
				SWIFT_OPTIMIZATION_LEVEL = "-Owholemodule";
				TARGETED_DEVICE_FAMILY = "1,2";
				VALIDATE_PRODUCT = YES;
			};
			name = Release;
		};
		632E763D1E43F7560098CC91 /* Debug */ = {
			isa = XCBuildConfiguration;
			baseConfigurationReference = 1A509FA944547E47953C78CC /* Pods-Project Loca.debug.xcconfig */;
			buildSettings = {
				ASSETCATALOG_COMPILER_APPICON_NAME = AppIcon;
				DEVELOPMENT_TEAM = 8TWVWBQE3T;
				INFOPLIST_FILE = "Project Loca/Info.plist";
				LD_RUNPATH_SEARCH_PATHS = "$(inherited) @executable_path/Frameworks";
				PRODUCT_BUNDLE_IDENTIFIER = "none.Project-Loca";
				PRODUCT_NAME = "$(TARGET_NAME)";
				SWIFT_VERSION = 3.0;
				TARGETED_DEVICE_FAMILY = 1;
			};
			name = Debug;
		};
		632E763E1E43F7560098CC91 /* Release */ = {
			isa = XCBuildConfiguration;
			baseConfigurationReference = 9A85DD20066A0DFEFA1744EE /* Pods-Project Loca.release.xcconfig */;
			buildSettings = {
				ASSETCATALOG_COMPILER_APPICON_NAME = AppIcon;
				DEVELOPMENT_TEAM = 8TWVWBQE3T;
				INFOPLIST_FILE = "Project Loca/Info.plist";
				LD_RUNPATH_SEARCH_PATHS = "$(inherited) @executable_path/Frameworks";
				PRODUCT_BUNDLE_IDENTIFIER = "none.Project-Loca";
				PRODUCT_NAME = "$(TARGET_NAME)";
				SWIFT_VERSION = 3.0;
				TARGETED_DEVICE_FAMILY = 1;
			};
			name = Release;
		};
/* End XCBuildConfiguration section */

/* Begin XCConfigurationList section */
		632E76251E43F7560098CC91 /* Build configuration list for PBXProject "Project Loca" */ = {
			isa = XCConfigurationList;
			buildConfigurations = (
				632E763A1E43F7560098CC91 /* Debug */,
				632E763B1E43F7560098CC91 /* Release */,
			);
			defaultConfigurationIsVisible = 0;
			defaultConfigurationName = Release;
		};
		632E763C1E43F7560098CC91 /* Build configuration list for PBXNativeTarget "Project Loca" */ = {
			isa = XCConfigurationList;
			buildConfigurations = (
				632E763D1E43F7560098CC91 /* Debug */,
				632E763E1E43F7560098CC91 /* Release */,
			);
			defaultConfigurationIsVisible = 0;
			defaultConfigurationName = Release;
		};
/* End XCConfigurationList section */
	};
	rootObject = 632E76221E43F7560098CC91 /* Project object */;
}
